{
  "name": "gopoker",
  "lockfileVersion": 3,
  "requires": true,
  "packages": {
    "": {
      "dependencies": {
        "uuid-readable": "^0.0.2"
      }
    },
    "node_modules/uuid": {
      "version": "8.3.2",
      "resolved": "https://registry.npmjs.org/uuid/-/uuid-8.3.2.tgz",
      "integrity": "sha512-+NYs2QeMWy+GWFOEm9xnn6HCDp0l7QBD7ml8zLUmJ+93Q5NF0NocErnwkTkXVFNiX3/fpC6afS8Dhb/gz7R7eg==",
      "bin": {
        "uuid": "dist/bin/uuid"
      }
    },
    "node_modules/uuid-readable": {
      "version": "0.0.2",
      "resolved": "https://registry.npmjs.org/uuid-readable/-/uuid-readable-0.0.2.tgz",
      "integrity": "sha512-JY3NRWFM3E/Fl7AWuTE4otjCaBM7UciIDJs4z/K+0kVyVrg+M9bL7oKGNTzM6QzbvqAyw+fBpzO249CstrWOeg==",
      "dependencies": {
        "uuid": "^8.3.0"
      }
    }
  }
}
